
Microsoft Visual Studio Solution File, Format Version 12.00
# Visual Studio Version 17
VisualStudioVersion = 17.5.33103.201
MinimumVisualStudioVersion = 10.0.40219.1
Project("{FAE04EC0-301F-11D3-BF4B-00C04F79EFBC}") = "FastEndpointsSample", "FastEndpointsSample\FastEndpointsSample.csproj", "{B08CDCF4-9CFF-41CE-B1C8-F8332A419B4D}"
EndProject
Global
	GlobalSection(SolutionConfigurationPlatforms) = preSolution
		Debug|Any CPU = Debug|Any CPU
		Release|Any CPU = Release|Any CPU
	EndGlobalSection
	GlobalSection(ProjectConfigurationPlatforms) = postSolution
		{B08CDCF4-9CFF-41CE-B1C8-F8332A419B4D}.Debug|Any CPU.ActiveCfg = Debug|Any CPU
		{B08CDCF4-9CFF-41CE-B1C8-F8332A419B4D}.Debug|Any CPU.Build.0 = Debug|Any CPU
		{B08CDCF4-9CFF-41CE-B1C8-F8332A419B4D}.Release|Any CPU.ActiveCfg = Release|Any CPU
		{B08CDCF4-9CFF-41CE-B1C8-F8332A419B4D}.Release|Any CPU.Build.0 = Release|Any CPU
	EndGlobalSection
	GlobalSection(SolutionProperties) = preSolution
		HideSolutionNode = FALSE
	EndGlobalSection
	GlobalSection(ExtensibilityGlobals) = postSolution
		SolutionGuid = {3EC6DB18-2F09-4FB9-9032-C654969A3559}
	EndGlobalSection
EndGlobal
